
Microsoft Visual Studio Solution File, Format Version 12.00
# Visual Studio Version 16
VisualStudioVersion = 16.0.31501.217
MinimumVisualStudioVersion = 10.0.40219.1
Project("{FAE04EC0-301F-11D3-BF4B-00C04F79EFBC}") = "PersonalInternoApp.Entities", "PersonalInternoApp.Entities\PersonalInternoApp.Entities.csproj", "{DDB62573-E9F4-4966-AF30-679097C5138C}"
EndProject
Project("{FAE04EC0-301F-11D3-BF4B-00C04F79EFBC}") = "PersonalInternoApp.UI", "PersonalInternoApp.UI\PersonalInternoApp.UI.csproj", "{3FB83091-4AF0-4E76-952A-365FFB112193}"
EndProject
Project("{FAE04EC0-301F-11D3-BF4B-00C04F79EFBC}") = "PersonalInternoApp.Database", "PersonalInternoApp.Database\PersonalInternoApp.Database.csproj", "{C2B4D67B-EB31-4773-ADD3-9D6F5AEB0A5B}"
EndProject
Project("{FAE04EC0-301F-11D3-BF4B-00C04F79EFBC}") = "PersonalInternoApp.Logic", "PersonalInternoApp.Logic\PersonalInternoApp.Logic.csproj", "{B9C34B06-62D4-4CF7-BA4B-7FD7056AE2F1}"
EndProject
Project("{FAE04EC0-301F-11D3-BF4B-00C04F79EFBC}") = "PersonalInternoApp.MVC", "PersonalInternoApp.MVC\PersonalInternoApp.MVC.csproj", "{29085A8D-3D83-4F37-8E62-F36FD4CDD822}"
EndProject
Global
	GlobalSection(SolutionConfigurationPlatforms) = preSolution
		Debug|Any CPU = Debug|Any CPU
		Release|Any CPU = Release|Any CPU
	EndGlobalSection
	GlobalSection(ProjectConfigurationPlatforms) = postSolution
		{DDB62573-E9F4-4966-AF30-679097C5138C}.Debug|Any CPU.ActiveCfg = Debug|Any CPU
		{DDB62573-E9F4-4966-AF30-679097C5138C}.Debug|Any CPU.Build.0 = Debug|Any CPU
		{DDB62573-E9F4-4966-AF30-679097C5138C}.Release|Any CPU.ActiveCfg = Release|Any CPU
		{DDB62573-E9F4-4966-AF30-679097C5138C}.Release|Any CPU.Build.0 = Release|Any CPU
		{3FB83091-4AF0-4E76-952A-365FFB112193}.Debug|Any CPU.ActiveCfg = Debug|Any CPU
		{3FB83091-4AF0-4E76-952A-365FFB112193}.Debug|Any CPU.Build.0 = Debug|Any CPU
		{3FB83091-4AF0-4E76-952A-365FFB112193}.Release|Any CPU.ActiveCfg = Release|Any CPU
		{3FB83091-4AF0-4E76-952A-365FFB112193}.Release|Any CPU.Build.0 = Release|Any CPU
		{C2B4D67B-EB31-4773-ADD3-9D6F5AEB0A5B}.Debug|Any CPU.ActiveCfg = Debug|Any CPU
		{C2B4D67B-EB31-4773-ADD3-9D6F5AEB0A5B}.Debug|Any CPU.Build.0 = Debug|Any CPU
		{C2B4D67B-EB31-4773-ADD3-9D6F5AEB0A5B}.Release|Any CPU.ActiveCfg = Release|Any CPU
		{C2B4D67B-EB31-4773-ADD3-9D6F5AEB0A5B}.Release|Any CPU.Build.0 = Release|Any CPU
		{B9C34B06-62D4-4CF7-BA4B-7FD7056AE2F1}.Debug|Any CPU.ActiveCfg = Debug|Any CPU
		{B9C34B06-62D4-4CF7-BA4B-7FD7056AE2F1}.Debug|Any CPU.Build.0 = Debug|Any CPU
		{B9C34B06-62D4-4CF7-BA4B-7FD7056AE2F1}.Release|Any CPU.ActiveCfg = Release|Any CPU
		{B9C34B06-62D4-4CF7-BA4B-7FD7056AE2F1}.Release|Any CPU.Build.0 = Release|Any CPU
		{29085A8D-3D83-4F37-8E62-F36FD4CDD822}.Debug|Any CPU.ActiveCfg = Debug|Any CPU
		{29085A8D-3D83-4F37-8E62-F36FD4CDD822}.Debug|Any CPU.Build.0 = Debug|Any CPU
		{29085A8D-3D83-4F37-8E62-F36FD4CDD822}.Release|Any CPU.ActiveCfg = Release|Any CPU
		{29085A8D-3D83-4F37-8E62-F36FD4CDD822}.Release|Any CPU.Build.0 = Release|Any CPU
	EndGlobalSection
	GlobalSection(SolutionProperties) = preSolution
		HideSolutionNode = FALSE
	EndGlobalSection
	GlobalSection(ExtensibilityGlobals) = postSolution
		SolutionGuid = {524D1980-140C-48C4-B1CD-B5EFF92323AA}
	EndGlobalSection
EndGlobal
